
Microsoft Visual Studio Solution File, Format Version 12.00
# Visual Studio Version 17
VisualStudioVersion = 17.5.002.0
MinimumVisualStudioVersion = 10.0.40219.1
Project("{9A19103F-16F7-4668-BE54-9A1E7A4F7556}") = "video18", "video18.csproj", "{BC110F07-5FBD-4A4B-B0DE-D1D944372863}"
EndProject
Global
	GlobalSection(SolutionConfigurationPlatforms) = preSolution
		Debug|Any CPU = Debug|Any CPU
		Release|Any CPU = Release|Any CPU
	EndGlobalSection
	GlobalSection(ProjectConfigurationPlatforms) = postSolution
		{BC110F07-5FBD-4A4B-B0DE-D1D944372863}.Debug|Any CPU.ActiveCfg = Debug|Any CPU
		{BC110F07-5FBD-4A4B-B0DE-D1D944372863}.Debug|Any CPU.Build.0 = Debug|Any CPU
		{BC110F07-5FBD-4A4B-B0DE-D1D944372863}.Release|Any CPU.ActiveCfg = Release|Any CPU
		{BC110F07-5FBD-4A4B-B0DE-D1D944372863}.Release|Any CPU.Build.0 = Release|Any CPU
	EndGlobalSection
	GlobalSection(SolutionProperties) = preSolution
		HideSolutionNode = FALSE
	EndGlobalSection
	GlobalSection(ExtensibilityGlobals) = postSolution
		SolutionGuid = {0AD3DB94-4979-4CB6-84BB-734738A293F6}
	EndGlobalSection
EndGlobal
