
Microsoft Visual Studio Solution File, Format Version 12.00
# Visual Studio Version 17
VisualStudioVersion = 17.5.002.0
MinimumVisualStudioVersion = 10.0.40219.1
Project("{9A19103F-16F7-4668-BE54-9A1E7A4F7556}") = "Atividade16", "Atividade16.csproj", "{4C747CBD-B3F1-4851-A71E-CC73B8732F60}"
EndProject
Global
	GlobalSection(SolutionConfigurationPlatforms) = preSolution
		Debug|Any CPU = Debug|Any CPU
		Release|Any CPU = Release|Any CPU
	EndGlobalSection
	GlobalSection(ProjectConfigurationPlatforms) = postSolution
		{4C747CBD-B3F1-4851-A71E-CC73B8732F60}.Debug|Any CPU.ActiveCfg = Debug|Any CPU
		{4C747CBD-B3F1-4851-A71E-CC73B8732F60}.Debug|Any CPU.Build.0 = Debug|Any CPU
		{4C747CBD-B3F1-4851-A71E-CC73B8732F60}.Release|Any CPU.ActiveCfg = Release|Any CPU
		{4C747CBD-B3F1-4851-A71E-CC73B8732F60}.Release|Any CPU.Build.0 = Release|Any CPU
	EndGlobalSection
	GlobalSection(SolutionProperties) = preSolution
		HideSolutionNode = FALSE
	EndGlobalSection
	GlobalSection(ExtensibilityGlobals) = postSolution
		SolutionGuid = {6C2BD3F4-A701-4F47-ACBB-4F8FF5427AA4}
	EndGlobalSection
EndGlobal
