
Microsoft Visual Studio Solution File, Format Version 12.00
# Visual Studio Version 17
VisualStudioVersion = 17.5.002.0
MinimumVisualStudioVersion = 10.0.40219.1
Project("{9A19103F-16F7-4668-BE54-9A1E7A4F7556}") = "Atividade18", "Atividade18.csproj", "{EA470923-B017-4023-A6DA-4C7684378DEC}"
EndProject
Global
	GlobalSection(SolutionConfigurationPlatforms) = preSolution
		Debug|Any CPU = Debug|Any CPU
		Release|Any CPU = Release|Any CPU
	EndGlobalSection
	GlobalSection(ProjectConfigurationPlatforms) = postSolution
		{EA470923-B017-4023-A6DA-4C7684378DEC}.Debug|Any CPU.ActiveCfg = Debug|Any CPU
		{EA470923-B017-4023-A6DA-4C7684378DEC}.Debug|Any CPU.Build.0 = Debug|Any CPU
		{EA470923-B017-4023-A6DA-4C7684378DEC}.Release|Any CPU.ActiveCfg = Release|Any CPU
		{EA470923-B017-4023-A6DA-4C7684378DEC}.Release|Any CPU.Build.0 = Release|Any CPU
	EndGlobalSection
	GlobalSection(SolutionProperties) = preSolution
		HideSolutionNode = FALSE
	EndGlobalSection
	GlobalSection(ExtensibilityGlobals) = postSolution
		SolutionGuid = {BC0FAF9D-7170-4CF4-A7D0-451DFA6B4BB3}
	EndGlobalSection
EndGlobal
