
Microsoft Visual Studio Solution File, Format Version 12.00
# Visual Studio Version 17
VisualStudioVersion = 17.5.002.0
MinimumVisualStudioVersion = 10.0.40219.1
Project("{9A19103F-16F7-4668-BE54-9A1E7A4F7556}") = "Atividade08", "Atividade08.csproj", "{C5D63749-FB5B-4E3A-B6FF-4056918A41FD}"
EndProject
Global
	GlobalSection(SolutionConfigurationPlatforms) = preSolution
		Debug|Any CPU = Debug|Any CPU
		Release|Any CPU = Release|Any CPU
	EndGlobalSection
	GlobalSection(ProjectConfigurationPlatforms) = postSolution
		{C5D63749-FB5B-4E3A-B6FF-4056918A41FD}.Debug|Any CPU.ActiveCfg = Debug|Any CPU
		{C5D63749-FB5B-4E3A-B6FF-4056918A41FD}.Debug|Any CPU.Build.0 = Debug|Any CPU
		{C5D63749-FB5B-4E3A-B6FF-4056918A41FD}.Release|Any CPU.ActiveCfg = Release|Any CPU
		{C5D63749-FB5B-4E3A-B6FF-4056918A41FD}.Release|Any CPU.Build.0 = Release|Any CPU
	EndGlobalSection
	GlobalSection(SolutionProperties) = preSolution
		HideSolutionNode = FALSE
	EndGlobalSection
	GlobalSection(ExtensibilityGlobals) = postSolution
		SolutionGuid = {06416CBC-2313-46C8-999B-F35A8FEB48F5}
	EndGlobalSection
EndGlobal
