
Microsoft Visual Studio Solution File, Format Version 12.00
# Visual Studio Version 17
VisualStudioVersion = 17.5.002.0
MinimumVisualStudioVersion = 10.0.40219.1
Project("{9A19103F-16F7-4668-BE54-9A1E7A4F7556}") = "video08", "video08.csproj", "{D3FF21BD-D2A5-417D-8FCB-FCA729974737}"
EndProject
Global
	GlobalSection(SolutionConfigurationPlatforms) = preSolution
		Debug|Any CPU = Debug|Any CPU
		Release|Any CPU = Release|Any CPU
	EndGlobalSection
	GlobalSection(ProjectConfigurationPlatforms) = postSolution
		{D3FF21BD-D2A5-417D-8FCB-FCA729974737}.Debug|Any CPU.ActiveCfg = Debug|Any CPU
		{D3FF21BD-D2A5-417D-8FCB-FCA729974737}.Debug|Any CPU.Build.0 = Debug|Any CPU
		{D3FF21BD-D2A5-417D-8FCB-FCA729974737}.Release|Any CPU.ActiveCfg = Release|Any CPU
		{D3FF21BD-D2A5-417D-8FCB-FCA729974737}.Release|Any CPU.Build.0 = Release|Any CPU
	EndGlobalSection
	GlobalSection(SolutionProperties) = preSolution
		HideSolutionNode = FALSE
	EndGlobalSection
	GlobalSection(ExtensibilityGlobals) = postSolution
		SolutionGuid = {42ACD9E2-C279-4E02-B61E-39595790701F}
	EndGlobalSection
EndGlobal
