
Microsoft Visual Studio Solution File, Format Version 12.00
# Visual Studio Version 17
VisualStudioVersion = 17.5.002.0
MinimumVisualStudioVersion = 10.0.40219.1
Project("{9A19103F-16F7-4668-BE54-9A1E7A4F7556}") = "Aula02", "Aula02.csproj", "{5F5FB869-3C60-4DDC-A2A2-E42D7F0A5F89}"
EndProject
Global
	GlobalSection(SolutionConfigurationPlatforms) = preSolution
		Debug|Any CPU = Debug|Any CPU
		Release|Any CPU = Release|Any CPU
	EndGlobalSection
	GlobalSection(ProjectConfigurationPlatforms) = postSolution
		{5F5FB869-3C60-4DDC-A2A2-E42D7F0A5F89}.Debug|Any CPU.ActiveCfg = Debug|Any CPU
		{5F5FB869-3C60-4DDC-A2A2-E42D7F0A5F89}.Debug|Any CPU.Build.0 = Debug|Any CPU
		{5F5FB869-3C60-4DDC-A2A2-E42D7F0A5F89}.Release|Any CPU.ActiveCfg = Release|Any CPU
		{5F5FB869-3C60-4DDC-A2A2-E42D7F0A5F89}.Release|Any CPU.Build.0 = Release|Any CPU
	EndGlobalSection
	GlobalSection(SolutionProperties) = preSolution
		HideSolutionNode = FALSE
	EndGlobalSection
	GlobalSection(ExtensibilityGlobals) = postSolution
		SolutionGuid = {49A5A462-5F17-4A3B-9F62-01D9970CDB5C}
	EndGlobalSection
EndGlobal
