
Microsoft Visual Studio Solution File, Format Version 12.00
# Visual Studio Version 17
VisualStudioVersion = 17.5.002.0
MinimumVisualStudioVersion = 10.0.40219.1
Project("{9A19103F-16F7-4668-BE54-9A1E7A4F7556}") = "video07", "video07.csproj", "{BE6E376C-1891-4EF9-A77C-E85BB7E20723}"
EndProject
Global
	GlobalSection(SolutionConfigurationPlatforms) = preSolution
		Debug|Any CPU = Debug|Any CPU
		Release|Any CPU = Release|Any CPU
	EndGlobalSection
	GlobalSection(ProjectConfigurationPlatforms) = postSolution
		{BE6E376C-1891-4EF9-A77C-E85BB7E20723}.Debug|Any CPU.ActiveCfg = Debug|Any CPU
		{BE6E376C-1891-4EF9-A77C-E85BB7E20723}.Debug|Any CPU.Build.0 = Debug|Any CPU
		{BE6E376C-1891-4EF9-A77C-E85BB7E20723}.Release|Any CPU.ActiveCfg = Release|Any CPU
		{BE6E376C-1891-4EF9-A77C-E85BB7E20723}.Release|Any CPU.Build.0 = Release|Any CPU
	EndGlobalSection
	GlobalSection(SolutionProperties) = preSolution
		HideSolutionNode = FALSE
	EndGlobalSection
	GlobalSection(ExtensibilityGlobals) = postSolution
		SolutionGuid = {532A225C-15A5-43EF-8AFB-E3CC76F028A8}
	EndGlobalSection
EndGlobal
